// !$*UTF8*$!
{
	archiveVersion = 1;
	classes = {
	};
	objectVersion = 51;
	objects = {

/* Begin PBXBuildFile section */
		854B6A1C25CBAD5700D42DF6 /* CVTExampleViewController.swift in Sources */ = {isa = PBXBuildFile; fileRef = 854B6A1B25CBAD5700D42DF6 /* CVTExampleViewController.swift */; };
		854B6A1F25CBAD6F00D42DF6 /* MenuItemCellItem.swift in Sources */ = {isa = PBXBuildFile; fileRef = 854B6A1E25CBAD6F00D42DF6 /* MenuItemCellItem.swift */; };
		854B6A2225CBAD7F00D42DF6 /* HeaderCellItem.swift in Sources */ = {isa = PBXBuildFile; fileRef = 854B6A2125CBAD7F00D42DF6 /* HeaderCellItem.swift */; };
		854B6A2525CBAD9000D42DF6 /* ProfileImageCellItem.swift in Sources */ = {isa = PBXBuildFile; fileRef = 854B6A2425CBAD9000D42DF6 /* ProfileImageCellItem.swift */; };
		854B6A2C25CBAE4800D42DF6 /* ProfileImageCollectionViewCell.swift in Sources */ = {isa = PBXBuildFile; fileRef = 854B6A2B25CBAE4800D42DF6 /* ProfileImageCollectionViewCell.swift */; };
		854B6A3025CBAE5C00D42DF6 /* MenuItemCollectionViewCell.swift in Sources */ = {isa = PBXBuildFile; fileRef = 854B6A2F25CBAE5C00D42DF6 /* MenuItemCollectionViewCell.swift */; };
		854B6A3325CBAE8300D42DF6 /* HeaderCollectionViewCell.swift in Sources */ = {isa = PBXBuildFile; fileRef = 854B6A3225CBAE8300D42DF6 /* HeaderCollectionViewCell.swift */; };
		854B6A3725CBAEF300D42DF6 /* SectionHeader.swift in Sources */ = {isa = PBXBuildFile; fileRef = 854B6A3625CBAEF300D42DF6 /* SectionHeader.swift */; };
		85D0688125C3BAC7008EF32E /* AppDelegate.swift in Sources */ = {isa = PBXBuildFile; fileRef = 85D0688025C3BAC7008EF32E /* AppDelegate.swift */; };
		85D0688325C3BAC7008EF32E /* SceneDelegate.swift in Sources */ = {isa = PBXBuildFile; fileRef = 85D0688225C3BAC7008EF32E /* SceneDelegate.swift */; };
		85D0688525C3BAC7008EF32E /* ViewController.swift in Sources */ = {isa = PBXBuildFile; fileRef = 85D0688425C3BAC7008EF32E /* ViewController.swift */; };
		85D0688825C3BAC7008EF32E /* Main.storyboard in Resources */ = {isa = PBXBuildFile; fileRef = 85D0688625C3BAC7008EF32E /* Main.storyboard */; };
		85D0688A25C3BAC8008EF32E /* Assets.xcassets in Resources */ = {isa = PBXBuildFile; fileRef = 85D0688925C3BAC8008EF32E /* Assets.xcassets */; };
		85D0688D25C3BAC8008EF32E /* LaunchScreen.storyboard in Resources */ = {isa = PBXBuildFile; fileRef = 85D0688B25C3BAC8008EF32E /* LaunchScreen.storyboard */; };
		85D0689825C41102008EF32E /* CollectionViewTools.framework in Frameworks */ = {isa = PBXBuildFile; fileRef = 85D0689625C41102008EF32E /* CollectionViewTools.framework */; };
		85D0689A25C41102008EF32E /* DeepDiff.framework in Frameworks */ = {isa = PBXBuildFile; fileRef = 85D0689725C41102008EF32E /* DeepDiff.framework */; };
/* End PBXBuildFile section */

/* Begin PBXFileReference section */
		854B6A1B25CBAD5700D42DF6 /* CVTExampleViewController.swift */ = {isa = PBXFileReference; lastKnownFileType = sourcecode.swift; path = CVTExampleViewController.swift; sourceTree = "<group>"; };
		854B6A1E25CBAD6F00D42DF6 /* MenuItemCellItem.swift */ = {isa = PBXFileReference; lastKnownFileType = sourcecode.swift; path = MenuItemCellItem.swift; sourceTree = "<group>"; };
		854B6A2125CBAD7F00D42DF6 /* HeaderCellItem.swift */ = {isa = PBXFileReference; lastKnownFileType = sourcecode.swift; path = HeaderCellItem.swift; sourceTree = "<group>"; };
		854B6A2425CBAD9000D42DF6 /* ProfileImageCellItem.swift */ = {isa = PBXFileReference; lastKnownFileType = sourcecode.swift; path = ProfileImageCellItem.swift; sourceTree = "<group>"; };
		854B6A2B25CBAE4800D42DF6 /* ProfileImageCollectionViewCell.swift */ = {isa = PBXFileReference; lastKnownFileType = sourcecode.swift; path = ProfileImageCollectionViewCell.swift; sourceTree = "<group>"; };
		854B6A2F25CBAE5C00D42DF6 /* MenuItemCollectionViewCell.swift */ = {isa = PBXFileReference; lastKnownFileType = sourcecode.swift; path = MenuItemCollectionViewCell.swift; sourceTree = "<group>"; };
		854B6A3225CBAE8300D42DF6 /* HeaderCollectionViewCell.swift */ = {isa = PBXFileReference; lastKnownFileType = sourcecode.swift; path = HeaderCollectionViewCell.swift; sourceTree = "<group>"; };
		854B6A3625CBAEF300D42DF6 /* SectionHeader.swift */ = {isa = PBXFileReference; lastKnownFileType = sourcecode.swift; path = SectionHeader.swift; sourceTree = "<group>"; };
		85D0687D25C3BAC7008EF32E /* CollectionViewExample.app */ = {isa = PBXFileReference; explicitFileType = wrapper.application; includeInIndex = 0; path = CollectionViewExample.app; sourceTree = BUILT_PRODUCTS_DIR; };
		85D0688025C3BAC7008EF32E /* AppDelegate.swift */ = {isa = PBXFileReference; lastKnownFileType = sourcecode.swift; path = AppDelegate.swift; sourceTree = "<group>"; };
		85D0688225C3BAC7008EF32E /* SceneDelegate.swift */ = {isa = PBXFileReference; lastKnownFileType = sourcecode.swift; path = SceneDelegate.swift; sourceTree = "<group>"; };
		85D0688425C3BAC7008EF32E /* ViewController.swift */ = {isa = PBXFileReference; lastKnownFileType = sourcecode.swift; path = ViewController.swift; sourceTree = "<group>"; };
		85D0688725C3BAC7008EF32E /* Base */ = {isa = PBXFileReference; lastKnownFileType = file.storyboard; name = Base; path = Base.lproj/Main.storyboard; sourceTree = "<group>"; };
		85D0688925C3BAC8008EF32E /* Assets.xcassets */ = {isa = PBXFileReference; lastKnownFileType = folder.assetcatalog; path = Assets.xcassets; sourceTree = "<group>"; };
		85D0688C25C3BAC8008EF32E /* Base */ = {isa = PBXFileReference; lastKnownFileType = file.storyboard; name = Base; path = Base.lproj/LaunchScreen.storyboard; sourceTree = "<group>"; };
		85D0688E25C3BAC8008EF32E /* Info.plist */ = {isa = PBXFileReference; lastKnownFileType = text.plist.xml; path = Info.plist; sourceTree = "<group>"; };
		85D0689625C41102008EF32E /* CollectionViewTools.framework */ = {isa = PBXFileReference; lastKnownFileType = wrapper.framework; name = CollectionViewTools.framework; path = Carthage/Build/iOS/CollectionViewTools.framework; sourceTree = "<group>"; };
		85D0689725C41102008EF32E /* DeepDiff.framework */ = {isa = PBXFileReference; lastKnownFileType = wrapper.framework; name = DeepDiff.framework; path = Carthage/Build/iOS/DeepDiff.framework; sourceTree = "<group>"; };
/* End PBXFileReference section */

/* Begin PBXFrameworksBuildPhase section */
		85D0687A25C3BAC7008EF32E /* Frameworks */ = {
			isa = PBXFrameworksBuildPhase;
			buildActionMask = 2147483647;
			files = (
				85D0689825C41102008EF32E /* CollectionViewTools.framework in Frameworks */,
				85D0689A25C41102008EF32E /* DeepDiff.framework in Frameworks */,
			);
			runOnlyForDeploymentPostprocessing = 0;
		};
/* End PBXFrameworksBuildPhase section */

/* Begin PBXGroup section */
		854B6A2725CBADF200D42DF6 /* Cells */ = {
			isa = PBXGroup;
			children = (
				854B6A2A25CBAE1B00D42DF6 /* ProfileImageCell */,
				854B6A2925CBAE1300D42DF6 /* MenuItemCell */,
				854B6A2825CBADFB00D42DF6 /* HeaderCell */,
			);
			path = Cells;
			sourceTree = "<group>";
		};
		854B6A2825CBADFB00D42DF6 /* HeaderCell */ = {
			isa = PBXGroup;
			children = (
				854B6A2125CBAD7F00D42DF6 /* HeaderCellItem.swift */,
				854B6A3225CBAE8300D42DF6 /* HeaderCollectionViewCell.swift */,
			);
			path = HeaderCell;
			sourceTree = "<group>";
		};
		854B6A2925CBAE1300D42DF6 /* MenuItemCell */ = {
			isa = PBXGroup;
			children = (
				854B6A2F25CBAE5C00D42DF6 /* MenuItemCollectionViewCell.swift */,
				854B6A1E25CBAD6F00D42DF6 /* MenuItemCellItem.swift */,
			);
			path = MenuItemCell;
			sourceTree = "<group>";
		};
		854B6A2A25CBAE1B00D42DF6 /* ProfileImageCell */ = {
			isa = PBXGroup;
			children = (
				854B6A2425CBAD9000D42DF6 /* ProfileImageCellItem.swift */,
				854B6A2B25CBAE4800D42DF6 /* ProfileImageCollectionViewCell.swift */,
			);
			path = ProfileImageCell;
			sourceTree = "<group>";
		};
		854B6A3525CBAED900D42DF6 /* Models */ = {
			isa = PBXGroup;
			children = (
				854B6A3625CBAEF300D42DF6 /* SectionHeader.swift */,
			);
			path = Models;
			sourceTree = "<group>";
		};
		85D0687425C3BAC7008EF32E = {
			isa = PBXGroup;
			children = (
				85D0687F25C3BAC7008EF32E /* CollectionViewExample */,
				85D0687E25C3BAC7008EF32E /* Products */,
				85D0689525C41102008EF32E /* Frameworks */,
			);
			sourceTree = "<group>";
		};
		85D0687E25C3BAC7008EF32E /* Products */ = {
			isa = PBXGroup;
			children = (
				85D0687D25C3BAC7008EF32E /* CollectionViewExample.app */,
			);
			name = Products;
			sourceTree = "<group>";
		};
		85D0687F25C3BAC7008EF32E /* CollectionViewExample */ = {
			isa = PBXGroup;
			children = (
				854B6A3525CBAED900D42DF6 /* Models */,
				854B6A2725CBADF200D42DF6 /* Cells */,
				85D0688025C3BAC7008EF32E /* AppDelegate.swift */,
				85D0688225C3BAC7008EF32E /* SceneDelegate.swift */,
				85D0688425C3BAC7008EF32E /* ViewController.swift */,
				854B6A1B25CBAD5700D42DF6 /* CVTExampleViewController.swift */,
				85D0688625C3BAC7008EF32E /* Main.storyboard */,
				85D0688925C3BAC8008EF32E /* Assets.xcassets */,
				85D0688B25C3BAC8008EF32E /* LaunchScreen.storyboard */,
				85D0688E25C3BAC8008EF32E /* Info.plist */,
			);
			path = CollectionViewExample;
			sourceTree = "<group>";
		};
		85D0689525C41102008EF32E /* Frameworks */ = {
			isa = PBXGroup;
			children = (
				85D0689625C41102008EF32E /* CollectionViewTools.framework */,
				85D0689725C41102008EF32E /* DeepDiff.framework */,
			);
			name = Frameworks;
			sourceTree = "<group>";
		};
/* End PBXGroup section */

/* Begin PBXNativeTarget section */
		85D0687C25C3BAC7008EF32E /* CollectionViewExample */ = {
			isa = PBXNativeTarget;
			buildConfigurationList = 85D0689125C3BAC8008EF32E /* Build configuration list for PBXNativeTarget "CollectionViewExample" */;
			buildPhases = (
				85D0687925C3BAC7008EF32E /* Sources */,
				85D0687A25C3BAC7008EF32E /* Frameworks */,
				85D0687B25C3BAC7008EF32E /* Resources */,
				HR510PQYVPAX0A4LU0B6IF0G /* Carthage */,
			);
			buildRules = (
			);
			dependencies = (
			);
			name = CollectionViewExample;
			productName = CollectionViewExample;
			productReference = 85D0687D25C3BAC7008EF32E /* CollectionViewExample.app */;
			productType = "com.apple.product-type.application";
		};
/* End PBXNativeTarget section */

/* Begin PBXProject section */
		85D0687525C3BAC7008EF32E /* Project object */ = {
			isa = PBXProject;
			attributes = {
				LastSwiftUpdateCheck = 1220;
				LastUpgradeCheck = 1220;
				TargetAttributes = {
					85D0687C25C3BAC7008EF32E = {
						CreatedOnToolsVersion = 12.2;
					};
				};
			};
			buildConfigurationList = 85D0687825C3BAC7008EF32E /* Build configuration list for PBXProject "CollectionViewExample" */;
			compatibilityVersion = "Xcode 9.3";
			developmentRegion = en;
			hasScannedForEncodings = 0;
			knownRegions = (
				en,
				Base,
			);
			mainGroup = 85D0687425C3BAC7008EF32E;
			productRefGroup = 85D0687E25C3BAC7008EF32E /* Products */;
			projectDirPath = "";
			projectRoot = "";
			targets = (
				85D0687C25C3BAC7008EF32E /* CollectionViewExample */,
			);
		};
/* End PBXProject section */

/* Begin PBXResourcesBuildPhase section */
		85D0687B25C3BAC7008EF32E /* Resources */ = {
			isa = PBXResourcesBuildPhase;
			buildActionMask = 2147483647;
			files = (
				85D0688D25C3BAC8008EF32E /* LaunchScreen.storyboard in Resources */,
				85D0688A25C3BAC8008EF32E /* Assets.xcassets in Resources */,
				85D0688825C3BAC7008EF32E /* Main.storyboard in Resources */,
			);
			runOnlyForDeploymentPostprocessing = 0;
		};
/* End PBXResourcesBuildPhase section */

/* Begin PBXShellScriptBuildPhase section */
		HR510PQYVPAX0A4LU0B6IF0G /* Carthage */ = {
			isa = PBXShellScriptBuildPhase;
			buildActionMask = 2147483647;
			files = (
			);
			inputFileListPaths = (
				"$(SRCROOT)/Carthage/xcfilelists/CollectionViewExample-inputPaths.xcfilelist",
			);
			inputPaths = (
			);
			name = Carthage;
			outputFileListPaths = (
				"$(SRCROOT)/Carthage/xcfilelists/CollectionViewExample-outputPaths.xcfilelist",
			);
			outputPaths = (
			);
			runOnlyForDeploymentPostprocessing = 0;
			shellPath = /bin/sh;
			shellScript = "/usr/local/bin/carthage copy-frameworks\n";
			showEnvVarsInLog = 0;
		};
/* End PBXShellScriptBuildPhase section */

/* Begin PBXSourcesBuildPhase section */
		85D0687925C3BAC7008EF32E /* Sources */ = {
			isa = PBXSourcesBuildPhase;
			buildActionMask = 2147483647;
			files = (
				85D0688525C3BAC7008EF32E /* ViewController.swift in Sources */,
				85D0688125C3BAC7008EF32E /* AppDelegate.swift in Sources */,
				854B6A2C25CBAE4800D42DF6 /* ProfileImageCollectionViewCell.swift in Sources */,
				854B6A1C25CBAD5700D42DF6 /* CVTExampleViewController.swift in Sources */,
				854B6A1F25CBAD6F00D42DF6 /* MenuItemCellItem.swift in Sources */,
				85D0688325C3BAC7008EF32E /* SceneDelegate.swift in Sources */,
				854B6A2225CBAD7F00D42DF6 /* HeaderCellItem.swift in Sources */,
				854B6A3325CBAE8300D42DF6 /* HeaderCollectionViewCell.swift in Sources */,
				854B6A3725CBAEF300D42DF6 /* SectionHeader.swift in Sources */,
				854B6A2525CBAD9000D42DF6 /* ProfileImageCellItem.swift in Sources */,
				854B6A3025CBAE5C00D42DF6 /* MenuItemCollectionViewCell.swift in Sources */,
			);
			runOnlyForDeploymentPostprocessing = 0;
		};
/* End PBXSourcesBuildPhase section */

/* Begin PBXVariantGroup section */
		85D0688625C3BAC7008EF32E /* Main.storyboard */ = {
			isa = PBXVariantGroup;
			children = (
				85D0688725C3BAC7008EF32E /* Base */,
			);
			name = Main.storyboard;
			sourceTree = "<group>";
		};
		85D0688B25C3BAC8008EF32E /* LaunchScreen.storyboard */ = {
			isa = PBXVariantGroup;
			children = (
				85D0688C25C3BAC8008EF32E /* Base */,
			);
			name = LaunchScreen.storyboard;
			sourceTree = "<group>";
		};
/* End PBXVariantGroup section */

/* Begin XCBuildConfiguration section */
		85D0688F25C3BAC8008EF32E /* Debug */ = {
			isa = XCBuildConfiguration;
			buildSettings = {
				ALWAYS_SEARCH_USER_PATHS = NO;
				CLANG_ANALYZER_NONNULL = YES;
				CLANG_ANALYZER_NUMBER_OBJECT_CONVERSION = YES_AGGRESSIVE;
				CLANG_CXX_LANGUAGE_STANDARD = "gnu++14";
				CLANG_CXX_LIBRARY = "libc++";
				CLANG_ENABLE_MODULES = YES;
				CLANG_ENABLE_OBJC_ARC = YES;
				CLANG_ENABLE_OBJC_WEAK = YES;
				CLANG_WARN_BLOCK_CAPTURE_AUTORELEASING = YES;
				CLANG_WARN_BOOL_CONVERSION = YES;
				CLANG_WARN_COMMA = YES;
				CLANG_WARN_CONSTANT_CONVERSION = YES;
				CLANG_WARN_DEPRECATED_OBJC_IMPLEMENTATIONS = YES;
				CLANG_WARN_DIRECT_OBJC_ISA_USAGE = YES_ERROR;
				CLANG_WARN_DOCUMENTATION_COMMENTS = YES;
				CLANG_WARN_EMPTY_BODY = YES;
				CLANG_WARN_ENUM_CONVERSION = YES;
				CLANG_WARN_INFINITE_RECURSION = YES;
				CLANG_WARN_INT_CONVERSION = YES;
				CLANG_WARN_NON_LITERAL_NULL_CONVERSION = YES;
				CLANG_WARN_OBJC_IMPLICIT_RETAIN_SELF = YES;
				CLANG_WARN_OBJC_LITERAL_CONVERSION = YES;
				CLANG_WARN_OBJC_ROOT_CLASS = YES_ERROR;
				CLANG_WARN_QUOTED_INCLUDE_IN_FRAMEWORK_HEADER = YES;
				CLANG_WARN_RANGE_LOOP_ANALYSIS = YES;
				CLANG_WARN_STRICT_PROTOTYPES = YES;
				CLANG_WARN_SUSPICIOUS_MOVE = YES;
				CLANG_WARN_UNGUARDED_AVAILABILITY = YES_AGGRESSIVE;
				CLANG_WARN_UNREACHABLE_CODE = YES;
				CLANG_WARN__DUPLICATE_METHOD_MATCH = YES;
				COPY_PHASE_STRIP = NO;
				DEBUG_INFORMATION_FORMAT = dwarf;
				ENABLE_STRICT_OBJC_MSGSEND = YES;
				ENABLE_TESTABILITY = YES;
				GCC_C_LANGUAGE_STANDARD = gnu11;
				GCC_DYNAMIC_NO_PIC = NO;
				GCC_NO_COMMON_BLOCKS = YES;
				GCC_OPTIMIZATION_LEVEL = 0;
				GCC_PREPROCESSOR_DEFINITIONS = (
					"DEBUG=1",
					"$(inherited)",
				);
				GCC_WARN_64_TO_32_BIT_CONVERSION = YES;
				GCC_WARN_ABOUT_RETURN_TYPE = YES_ERROR;
				GCC_WARN_UNDECLARED_SELECTOR = YES;
				GCC_WARN_UNINITIALIZED_AUTOS = YES_AGGRESSIVE;
				GCC_WARN_UNUSED_FUNCTION = YES;
				GCC_WARN_UNUSED_VARIABLE = YES;
				IPHONEOS_DEPLOYMENT_TARGET = 14.2;
				MTL_ENABLE_DEBUG_INFO = INCLUDE_SOURCE;
				MTL_FAST_MATH = YES;
				ONLY_ACTIVE_ARCH = YES;
				SDKROOT = iphoneos;
				SWIFT_ACTIVE_COMPILATION_CONDITIONS = DEBUG;
				SWIFT_OPTIMIZATION_LEVEL = "-Onone";
			};
			name = Debug;
		};
		85D0689025C3BAC8008EF32E /* Release */ = {
			isa = XCBuildConfiguration;
			buildSettings = {
				ALWAYS_SEARCH_USER_PATHS = NO;
				CLANG_ANALYZER_NONNULL = YES;
				CLANG_ANALYZER_NUMBER_OBJECT_CONVERSION = YES_AGGRESSIVE;
				CLANG_CXX_LANGUAGE_STANDARD = "gnu++14";
				CLANG_CXX_LIBRARY = "libc++";
				CLANG_ENABLE_MODULES = YES;
				CLANG_ENABLE_OBJC_ARC = YES;
				CLANG_ENABLE_OBJC_WEAK = YES;
				CLANG_WARN_BLOCK_CAPTURE_AUTORELEASING = YES;
				CLANG_WARN_BOOL_CONVERSION = YES;
				CLANG_WARN_COMMA = YES;
				CLANG_WARN_CONSTANT_CONVERSION = YES;
				CLANG_WARN_DEPRECATED_OBJC_IMPLEMENTATIONS = YES;
				CLANG_WARN_DIRECT_OBJC_ISA_USAGE = YES_ERROR;
				CLANG_WARN_DOCUMENTATION_COMMENTS = YES;
				CLANG_WARN_EMPTY_BODY = YES;
				CLANG_WARN_ENUM_CONVERSION = YES;
				CLANG_WARN_INFINITE_RECURSION = YES;
				CLANG_WARN_INT_CONVERSION = YES;
				CLANG_WARN_NON_LITERAL_NULL_CONVERSION = YES;
				CLANG_WARN_OBJC_IMPLICIT_RETAIN_SELF = YES;
				CLANG_WARN_OBJC_LITERAL_CONVERSION = YES;
				CLANG_WARN_OBJC_ROOT_CLASS = YES_ERROR;
				CLANG_WARN_QUOTED_INCLUDE_IN_FRAMEWORK_HEADER = YES;
				CLANG_WARN_RANGE_LOOP_ANALYSIS = YES;
				CLANG_WARN_STRICT_PROTOTYPES = YES;
				CLANG_WARN_SUSPICIOUS_MOVE = YES;
				CLANG_WARN_UNGUARDED_AVAILABILITY = YES_AGGRESSIVE;
				CLANG_WARN_UNREACHABLE_CODE = YES;
				CLANG_WARN__DUPLICATE_METHOD_MATCH = YES;
				COPY_PHASE_STRIP = NO;
				DEBUG_INFORMATION_FORMAT = "dwarf-with-dsym";
				ENABLE_NS_ASSERTIONS = NO;
				ENABLE_STRICT_OBJC_MSGSEND = YES;
				GCC_C_LANGUAGE_STANDARD = gnu11;
				GCC_NO_COMMON_BLOCKS = YES;
				GCC_WARN_64_TO_32_BIT_CONVERSION = YES;
				GCC_WARN_ABOUT_RETURN_TYPE = YES_ERROR;
				GCC_WARN_UNDECLARED_SELECTOR = YES;
				GCC_WARN_UNINITIALIZED_AUTOS = YES_AGGRESSIVE;
				GCC_WARN_UNUSED_FUNCTION = YES;
				GCC_WARN_UNUSED_VARIABLE = YES;
				IPHONEOS_DEPLOYMENT_TARGET = 14.2;
				MTL_ENABLE_DEBUG_INFO = NO;
				MTL_FAST_MATH = YES;
				SDKROOT = iphoneos;
				SWIFT_COMPILATION_MODE = wholemodule;
				SWIFT_OPTIMIZATION_LEVEL = "-O";
				VALIDATE_PRODUCT = YES;
			};
			name = Release;
		};
		85D0689225C3BAC8008EF32E /* Debug */ = {
			isa = XCBuildConfiguration;
			buildSettings = {
				ASSETCATALOG_COMPILER_APPICON_NAME = AppIcon;
				ASSETCATALOG_COMPILER_GLOBAL_ACCENT_COLOR_NAME = AccentColor;
				CODE_SIGN_STYLE = Automatic;
				DEVELOPMENT_TEAM = GPVA8JVMU3;
				FRAMEWORK_SEARCH_PATHS = (
					"$(inherited)",
					"$(PROJECT_DIR)/Carthage/Build/iOS",
				);
				INFOPLIST_FILE = CollectionViewExample/Info.plist;
				LD_RUNPATH_SEARCH_PATHS = (
					"$(inherited)",
					"@executable_path/Frameworks",
				);
				PRODUCT_BUNDLE_IDENTIFIER = com.rosberry.CollectionViewExample;
				PRODUCT_NAME = "$(TARGET_NAME)";
				SWIFT_VERSION = 5.0;
				TARGETED_DEVICE_FAMILY = "1,2";
			};
			name = Debug;
		};
		85D0689325C3BAC8008EF32E /* Release */ = {
			isa = XCBuildConfiguration;
			buildSettings = {
				ASSETCATALOG_COMPILER_APPICON_NAME = AppIcon;
				ASSETCATALOG_COMPILER_GLOBAL_ACCENT_COLOR_NAME = AccentColor;
				CODE_SIGN_STYLE = Automatic;
				DEVELOPMENT_TEAM = GPVA8JVMU3;
				FRAMEWORK_SEARCH_PATHS = (
					"$(inherited)",
					"$(PROJECT_DIR)/Carthage/Build/iOS",
				);
				INFOPLIST_FILE = CollectionViewExample/Info.plist;
				LD_RUNPATH_SEARCH_PATHS = (
					"$(inherited)",
					"@executable_path/Frameworks",
				);
				PRODUCT_BUNDLE_IDENTIFIER = com.rosberry.CollectionViewExample;
				PRODUCT_NAME = "$(TARGET_NAME)";
				SWIFT_VERSION = 5.0;
				TARGETED_DEVICE_FAMILY = "1,2";
			};
			name = Release;
		};
/* End XCBuildConfiguration section */

/* Begin XCConfigurationList section */
		85D0687825C3BAC7008EF32E /* Build configuration list for PBXProject "CollectionViewExample" */ = {
			isa = XCConfigurationList;
			buildConfigurations = (
				85D0688F25C3BAC8008EF32E /* Debug */,
				85D0689025C3BAC8008EF32E /* Release */,
			);
			defaultConfigurationIsVisible = 0;
			defaultConfigurationName = Release;
		};
		85D0689125C3BAC8008EF32E /* Build configuration list for PBXNativeTarget "CollectionViewExample" */ = {
			isa = XCConfigurationList;
			buildConfigurations = (
				85D0689225C3BAC8008EF32E /* Debug */,
				85D0689325C3BAC8008EF32E /* Release */,
			);
			defaultConfigurationIsVisible = 0;
			defaultConfigurationName = Release;
		};
/* End XCConfigurationList section */
	};
	rootObject = 85D0687525C3BAC7008EF32E /* Project object */;
}
